
Microsoft Visual Studio Solution File, Format Version 12.00
# Visual Studio Version 17
VisualStudioVersion = 17.13.35913.81 d17.13
MinimumVisualStudioVersion = 10.0.40219.1
Project("{FAE04EC0-301F-11D3-BF4B-00C04F79EFBC}") = "game-xadrez", "game-xadrez\game-xadrez.csproj", "{FFC30AC9-97E5-4E56-9697-C80D079FB351}"
EndProject
Global
	GlobalSection(SolutionConfigurationPlatforms) = preSolution
		Debug|Any CPU = Debug|Any CPU
		Release|Any CPU = Release|Any CPU
	EndGlobalSection
	GlobalSection(ProjectConfigurationPlatforms) = postSolution
		{FFC30AC9-97E5-4E56-9697-C80D079FB351}.Debug|Any CPU.ActiveCfg = Debug|Any CPU
		{FFC30AC9-97E5-4E56-9697-C80D079FB351}.Debug|Any CPU.Build.0 = Debug|Any CPU
		{FFC30AC9-97E5-4E56-9697-C80D079FB351}.Release|Any CPU.ActiveCfg = Release|Any CPU
		{FFC30AC9-97E5-4E56-9697-C80D079FB351}.Release|Any CPU.Build.0 = Release|Any CPU
	EndGlobalSection
	GlobalSection(SolutionProperties) = preSolution
		HideSolutionNode = FALSE
	EndGlobalSection
	GlobalSection(ExtensibilityGlobals) = postSolution
		SolutionGuid = {EFF29BBA-0CF3-49C1-B887-A504A549E490}
	EndGlobalSection
EndGlobal
